// !$*UTF8*$!
{
	archiveVersion = 1;
	classes = {
	};
	objectVersion = 50;
	objects = {

/* Begin PBXBuildFile section */
		CB2177C92447D55000E55226 /* MinesweeperGame.swift in Sources */ = {isa = PBXBuildFile; fileRef = CB2177C82447D55000E55226 /* MinesweeperGame.swift */; };
		CB2177CB2447D73700E55226 /* MinesweeperGameTile.swift in Sources */ = {isa = PBXBuildFile; fileRef = CB2177CA2447D73700E55226 /* MinesweeperGameTile.swift */; };
		CB74BBBF244604F4008AD7C2 /* AppDelegate.swift in Sources */ = {isa = PBXBuildFile; fileRef = CB74BBBE244604F4008AD7C2 /* AppDelegate.swift */; };
		CB74BBC1244604F4008AD7C2 /* SceneDelegate.swift in Sources */ = {isa = PBXBuildFile; fileRef = CB74BBC0244604F4008AD7C2 /* SceneDelegate.swift */; };
		CB74BBC3244604F4008AD7C2 /* MinesweeperViewController.swift in Sources */ = {isa = PBXBuildFile; fileRef = CB74BBC2244604F4008AD7C2 /* MinesweeperViewController.swift */; };
		CB74BBC6244604F4008AD7C2 /* Main.storyboard in Resources */ = {isa = PBXBuildFile; fileRef = CB74BBC4244604F4008AD7C2 /* Main.storyboard */; };
		CB74BBC8244604FD008AD7C2 /* Assets.xcassets in Resources */ = {isa = PBXBuildFile; fileRef = CB74BBC7244604FD008AD7C2 /* Assets.xcassets */; };
		CB74BBCB244604FD008AD7C2 /* LaunchScreen.storyboard in Resources */ = {isa = PBXBuildFile; fileRef = CB74BBC9244604FD008AD7C2 /* LaunchScreen.storyboard */; };
		CB74BBD324460624008AD7C2 /* UITileView.swift in Sources */ = {isa = PBXBuildFile; fileRef = CB74BBD224460624008AD7C2 /* UITileView.swift */; };
		CBC33DE7245B1ED1006C3E10 /* MasterUIViewController.swift in Sources */ = {isa = PBXBuildFile; fileRef = CBC33DE6245B1ED0006C3E10 /* MasterUIViewController.swift */; };
		CBC33DE9245B4BF8006C3E10 /* MinesweeperUISplitViewController.swift in Sources */ = {isa = PBXBuildFile; fileRef = CBC33DE8245B4BF8006C3E10 /* MinesweeperUISplitViewController.swift */; };
		CBC33DEB245B4EE2006C3E10 /* CustomGameUIViewController.swift in Sources */ = {isa = PBXBuildFile; fileRef = CBC33DEA245B4EE2006C3E10 /* CustomGameUIViewController.swift */; };
/* End PBXBuildFile section */

/* Begin PBXFileReference section */
		CB2177C82447D55000E55226 /* MinesweeperGame.swift */ = {isa = PBXFileReference; lastKnownFileType = sourcecode.swift; path = MinesweeperGame.swift; sourceTree = "<group>"; };
		CB2177CA2447D73700E55226 /* MinesweeperGameTile.swift */ = {isa = PBXFileReference; lastKnownFileType = sourcecode.swift; path = MinesweeperGameTile.swift; sourceTree = "<group>"; };
		CB74BBBB244604F4008AD7C2 /* iti0213-2019s-hw3.app */ = {isa = PBXFileReference; explicitFileType = wrapper.application; includeInIndex = 0; path = "iti0213-2019s-hw3.app"; sourceTree = BUILT_PRODUCTS_DIR; };
		CB74BBBE244604F4008AD7C2 /* AppDelegate.swift */ = {isa = PBXFileReference; lastKnownFileType = sourcecode.swift; path = AppDelegate.swift; sourceTree = "<group>"; };
		CB74BBC0244604F4008AD7C2 /* SceneDelegate.swift */ = {isa = PBXFileReference; lastKnownFileType = sourcecode.swift; path = SceneDelegate.swift; sourceTree = "<group>"; };
		CB74BBC2244604F4008AD7C2 /* MinesweeperViewController.swift */ = {isa = PBXFileReference; lastKnownFileType = sourcecode.swift; path = MinesweeperViewController.swift; sourceTree = "<group>"; };
		CB74BBC5244604F4008AD7C2 /* Base */ = {isa = PBXFileReference; lastKnownFileType = file.storyboard; name = Base; path = Base.lproj/Main.storyboard; sourceTree = "<group>"; };
		CB74BBC7244604FD008AD7C2 /* Assets.xcassets */ = {isa = PBXFileReference; lastKnownFileType = folder.assetcatalog; path = Assets.xcassets; sourceTree = "<group>"; };
		CB74BBCA244604FD008AD7C2 /* Base */ = {isa = PBXFileReference; lastKnownFileType = file.storyboard; name = Base; path = Base.lproj/LaunchScreen.storyboard; sourceTree = "<group>"; };
		CB74BBCC244604FD008AD7C2 /* Info.plist */ = {isa = PBXFileReference; lastKnownFileType = text.plist.xml; path = Info.plist; sourceTree = "<group>"; };
		CB74BBD224460624008AD7C2 /* UITileView.swift */ = {isa = PBXFileReference; lastKnownFileType = sourcecode.swift; path = UITileView.swift; sourceTree = "<group>"; };
		CBC33DE6245B1ED0006C3E10 /* MasterUIViewController.swift */ = {isa = PBXFileReference; lastKnownFileType = sourcecode.swift; path = MasterUIViewController.swift; sourceTree = "<group>"; };
		CBC33DE8245B4BF8006C3E10 /* MinesweeperUISplitViewController.swift */ = {isa = PBXFileReference; lastKnownFileType = sourcecode.swift; path = MinesweeperUISplitViewController.swift; sourceTree = "<group>"; };
		CBC33DEA245B4EE2006C3E10 /* CustomGameUIViewController.swift */ = {isa = PBXFileReference; lastKnownFileType = sourcecode.swift; path = CustomGameUIViewController.swift; sourceTree = "<group>"; };
/* End PBXFileReference section */

/* Begin PBXFrameworksBuildPhase section */
		CB74BBB8244604F3008AD7C2 /* Frameworks */ = {
			isa = PBXFrameworksBuildPhase;
			buildActionMask = 2147483647;
			files = (
			);
			runOnlyForDeploymentPostprocessing = 0;
		};
/* End PBXFrameworksBuildPhase section */

/* Begin PBXGroup section */
		CB74BBB2244604F3008AD7C2 = {
			isa = PBXGroup;
			children = (
				CB74BBBD244604F4008AD7C2 /* iti0213-2019s-hw3 */,
				CB74BBBC244604F4008AD7C2 /* Products */,
			);
			sourceTree = "<group>";
		};
		CB74BBBC244604F4008AD7C2 /* Products */ = {
			isa = PBXGroup;
			children = (
				CB74BBBB244604F4008AD7C2 /* iti0213-2019s-hw3.app */,
			);
			name = Products;
			sourceTree = "<group>";
		};
		CB74BBBD244604F4008AD7C2 /* iti0213-2019s-hw3 */ = {
			isa = PBXGroup;
			children = (
				CB74BBBE244604F4008AD7C2 /* AppDelegate.swift */,
				CB74BBC0244604F4008AD7C2 /* SceneDelegate.swift */,
				CB74BBC2244604F4008AD7C2 /* MinesweeperViewController.swift */,
				CB74BBC4244604F4008AD7C2 /* Main.storyboard */,
				CB74BBD224460624008AD7C2 /* UITileView.swift */,
				CB74BBC7244604FD008AD7C2 /* Assets.xcassets */,
				CB74BBC9244604FD008AD7C2 /* LaunchScreen.storyboard */,
				CB74BBCC244604FD008AD7C2 /* Info.plist */,
				CB2177C82447D55000E55226 /* MinesweeperGame.swift */,
				CB2177CA2447D73700E55226 /* MinesweeperGameTile.swift */,
				CBC33DE6245B1ED0006C3E10 /* MasterUIViewController.swift */,
				CBC33DE8245B4BF8006C3E10 /* MinesweeperUISplitViewController.swift */,
				CBC33DEA245B4EE2006C3E10 /* CustomGameUIViewController.swift */,
			);
			path = "iti0213-2019s-hw3";
			sourceTree = "<group>";
		};
/* End PBXGroup section */

/* Begin PBXNativeTarget section */
		CB74BBBA244604F3008AD7C2 /* iti0213-2019s-hw3 */ = {
			isa = PBXNativeTarget;
			buildConfigurationList = CB74BBCF244604FD008AD7C2 /* Build configuration list for PBXNativeTarget "iti0213-2019s-hw3" */;
			buildPhases = (
				CB74BBB7244604F3008AD7C2 /* Sources */,
				CB74BBB8244604F3008AD7C2 /* Frameworks */,
				CB74BBB9244604F3008AD7C2 /* Resources */,
			);
			buildRules = (
			);
			dependencies = (
			);
			name = "iti0213-2019s-hw3";
			productName = "iti0213-2019s-hw3";
			productReference = CB74BBBB244604F4008AD7C2 /* iti0213-2019s-hw3.app */;
			productType = "com.apple.product-type.application";
		};
/* End PBXNativeTarget section */

/* Begin PBXProject section */
		CB74BBB3244604F3008AD7C2 /* Project object */ = {
			isa = PBXProject;
			attributes = {
				LastSwiftUpdateCheck = 1140;
				LastUpgradeCheck = 1140;
				ORGANIZATIONNAME = kaviik;
				TargetAttributes = {
					CB74BBBA244604F3008AD7C2 = {
						CreatedOnToolsVersion = 11.4;
					};
				};
			};
			buildConfigurationList = CB74BBB6244604F3008AD7C2 /* Build configuration list for PBXProject "iti0213-2019s-hw3" */;
			compatibilityVersion = "Xcode 9.3";
			developmentRegion = en;
			hasScannedForEncodings = 0;
			knownRegions = (
				en,
				Base,
			);
			mainGroup = CB74BBB2244604F3008AD7C2;
			productRefGroup = CB74BBBC244604F4008AD7C2 /* Products */;
			projectDirPath = "";
			projectRoot = "";
			targets = (
				CB74BBBA244604F3008AD7C2 /* iti0213-2019s-hw3 */,
			);
		};
/* End PBXProject section */

/* Begin PBXResourcesBuildPhase section */
		CB74BBB9244604F3008AD7C2 /* Resources */ = {
			isa = PBXResourcesBuildPhase;
			buildActionMask = 2147483647;
			files = (
				CB74BBCB244604FD008AD7C2 /* LaunchScreen.storyboard in Resources */,
				CB74BBC8244604FD008AD7C2 /* Assets.xcassets in Resources */,
				CB74BBC6244604F4008AD7C2 /* Main.storyboard in Resources */,
			);
			runOnlyForDeploymentPostprocessing = 0;
		};
/* End PBXResourcesBuildPhase section */

/* Begin PBXSourcesBuildPhase section */
		CB74BBB7244604F3008AD7C2 /* Sources */ = {
			isa = PBXSourcesBuildPhase;
			buildActionMask = 2147483647;
			files = (
				CBC33DE7245B1ED1006C3E10 /* MasterUIViewController.swift in Sources */,
				CB74BBC3244604F4008AD7C2 /* MinesweeperViewController.swift in Sources */,
				CB74BBBF244604F4008AD7C2 /* AppDelegate.swift in Sources */,
				CB74BBD324460624008AD7C2 /* UITileView.swift in Sources */,
				CBC33DEB245B4EE2006C3E10 /* CustomGameUIViewController.swift in Sources */,
				CB74BBC1244604F4008AD7C2 /* SceneDelegate.swift in Sources */,
				CB2177CB2447D73700E55226 /* MinesweeperGameTile.swift in Sources */,
				CBC33DE9245B4BF8006C3E10 /* MinesweeperUISplitViewController.swift in Sources */,
				CB2177C92447D55000E55226 /* MinesweeperGame.swift in Sources */,
			);
			runOnlyForDeploymentPostprocessing = 0;
		};
/* End PBXSourcesBuildPhase section */

/* Begin PBXVariantGroup section */
		CB74BBC4244604F4008AD7C2 /* Main.storyboard */ = {
			isa = PBXVariantGroup;
			children = (
				CB74BBC5244604F4008AD7C2 /* Base */,
			);
			name = Main.storyboard;
			sourceTree = "<group>";
		};
		CB74BBC9244604FD008AD7C2 /* LaunchScreen.storyboard */ = {
			isa = PBXVariantGroup;
			children = (
				CB74BBCA244604FD008AD7C2 /* Base */,
			);
			name = LaunchScreen.storyboard;
			sourceTree = "<group>";
		};
/* End PBXVariantGroup section */

/* Begin XCBuildConfiguration section */
		CB74BBCD244604FD008AD7C2 /* Debug */ = {
			isa = XCBuildConfiguration;
			buildSettings = {
				ALWAYS_SEARCH_USER_PATHS = NO;
				CLANG_ANALYZER_NONNULL = YES;
				CLANG_ANALYZER_NUMBER_OBJECT_CONVERSION = YES_AGGRESSIVE;
				CLANG_CXX_LANGUAGE_STANDARD = "gnu++14";
				CLANG_CXX_LIBRARY = "libc++";
				CLANG_ENABLE_MODULES = YES;
				CLANG_ENABLE_OBJC_ARC = YES;
				CLANG_ENABLE_OBJC_WEAK = YES;
				CLANG_WARN_BLOCK_CAPTURE_AUTORELEASING = YES;
				CLANG_WARN_BOOL_CONVERSION = YES;
				CLANG_WARN_COMMA = YES;
				CLANG_WARN_CONSTANT_CONVERSION = YES;
				CLANG_WARN_DEPRECATED_OBJC_IMPLEMENTATIONS = YES;
				CLANG_WARN_DIRECT_OBJC_ISA_USAGE = YES_ERROR;
				CLANG_WARN_DOCUMENTATION_COMMENTS = YES;
				CLANG_WARN_EMPTY_BODY = YES;
				CLANG_WARN_ENUM_CONVERSION = YES;
				CLANG_WARN_INFINITE_RECURSION = YES;
				CLANG_WARN_INT_CONVERSION = YES;
				CLANG_WARN_NON_LITERAL_NULL_CONVERSION = YES;
				CLANG_WARN_OBJC_IMPLICIT_RETAIN_SELF = YES;
				CLANG_WARN_OBJC_LITERAL_CONVERSION = YES;
				CLANG_WARN_OBJC_ROOT_CLASS = YES_ERROR;
				CLANG_WARN_RANGE_LOOP_ANALYSIS = YES;
				CLANG_WARN_STRICT_PROTOTYPES = YES;
				CLANG_WARN_SUSPICIOUS_MOVE = YES;
				CLANG_WARN_UNGUARDED_AVAILABILITY = YES_AGGRESSIVE;
				CLANG_WARN_UNREACHABLE_CODE = YES;
				CLANG_WARN__DUPLICATE_METHOD_MATCH = YES;
				COPY_PHASE_STRIP = NO;
				DEBUG_INFORMATION_FORMAT = dwarf;
				ENABLE_STRICT_OBJC_MSGSEND = YES;
				ENABLE_TESTABILITY = YES;
				GCC_C_LANGUAGE_STANDARD = gnu11;
				GCC_DYNAMIC_NO_PIC = NO;
				GCC_NO_COMMON_BLOCKS = YES;
				GCC_OPTIMIZATION_LEVEL = 0;
				GCC_PREPROCESSOR_DEFINITIONS = (
					"DEBUG=1",
					"$(inherited)",
				);
				GCC_WARN_64_TO_32_BIT_CONVERSION = YES;
				GCC_WARN_ABOUT_RETURN_TYPE = YES_ERROR;
				GCC_WARN_UNDECLARED_SELECTOR = YES;
				GCC_WARN_UNINITIALIZED_AUTOS = YES_AGGRESSIVE;
				GCC_WARN_UNUSED_FUNCTION = YES;
				GCC_WARN_UNUSED_VARIABLE = YES;
				IPHONEOS_DEPLOYMENT_TARGET = 13.4;
				MTL_ENABLE_DEBUG_INFO = INCLUDE_SOURCE;
				MTL_FAST_MATH = YES;
				ONLY_ACTIVE_ARCH = YES;
				SDKROOT = iphoneos;
				SWIFT_ACTIVE_COMPILATION_CONDITIONS = DEBUG;
				SWIFT_OPTIMIZATION_LEVEL = "-Onone";
			};
			name = Debug;
		};
		CB74BBCE244604FD008AD7C2 /* Release */ = {
			isa = XCBuildConfiguration;
			buildSettings = {
				ALWAYS_SEARCH_USER_PATHS = NO;
				CLANG_ANALYZER_NONNULL = YES;
				CLANG_ANALYZER_NUMBER_OBJECT_CONVERSION = YES_AGGRESSIVE;
				CLANG_CXX_LANGUAGE_STANDARD = "gnu++14";
				CLANG_CXX_LIBRARY = "libc++";
				CLANG_ENABLE_MODULES = YES;
				CLANG_ENABLE_OBJC_ARC = YES;
				CLANG_ENABLE_OBJC_WEAK = YES;
				CLANG_WARN_BLOCK_CAPTURE_AUTORELEASING = YES;
				CLANG_WARN_BOOL_CONVERSION = YES;
				CLANG_WARN_COMMA = YES;
				CLANG_WARN_CONSTANT_CONVERSION = YES;
				CLANG_WARN_DEPRECATED_OBJC_IMPLEMENTATIONS = YES;
				CLANG_WARN_DIRECT_OBJC_ISA_USAGE = YES_ERROR;
				CLANG_WARN_DOCUMENTATION_COMMENTS = YES;
				CLANG_WARN_EMPTY_BODY = YES;
				CLANG_WARN_ENUM_CONVERSION = YES;
				CLANG_WARN_INFINITE_RECURSION = YES;
				CLANG_WARN_INT_CONVERSION = YES;
				CLANG_WARN_NON_LITERAL_NULL_CONVERSION = YES;
				CLANG_WARN_OBJC_IMPLICIT_RETAIN_SELF = YES;
				CLANG_WARN_OBJC_LITERAL_CONVERSION = YES;
				CLANG_WARN_OBJC_ROOT_CLASS = YES_ERROR;
				CLANG_WARN_RANGE_LOOP_ANALYSIS = YES;
				CLANG_WARN_STRICT_PROTOTYPES = YES;
				CLANG_WARN_SUSPICIOUS_MOVE = YES;
				CLANG_WARN_UNGUARDED_AVAILABILITY = YES_AGGRESSIVE;
				CLANG_WARN_UNREACHABLE_CODE = YES;
				CLANG_WARN__DUPLICATE_METHOD_MATCH = YES;
				COPY_PHASE_STRIP = NO;
				DEBUG_INFORMATION_FORMAT = "dwarf-with-dsym";
				ENABLE_NS_ASSERTIONS = NO;
				ENABLE_STRICT_OBJC_MSGSEND = YES;
				GCC_C_LANGUAGE_STANDARD = gnu11;
				GCC_NO_COMMON_BLOCKS = YES;
				GCC_WARN_64_TO_32_BIT_CONVERSION = YES;
				GCC_WARN_ABOUT_RETURN_TYPE = YES_ERROR;
				GCC_WARN_UNDECLARED_SELECTOR = YES;
				GCC_WARN_UNINITIALIZED_AUTOS = YES_AGGRESSIVE;
				GCC_WARN_UNUSED_FUNCTION = YES;
				GCC_WARN_UNUSED_VARIABLE = YES;
				IPHONEOS_DEPLOYMENT_TARGET = 13.4;
				MTL_ENABLE_DEBUG_INFO = NO;
				MTL_FAST_MATH = YES;
				SDKROOT = iphoneos;
				SWIFT_COMPILATION_MODE = wholemodule;
				SWIFT_OPTIMIZATION_LEVEL = "-O";
				VALIDATE_PRODUCT = YES;
			};
			name = Release;
		};
		CB74BBD0244604FD008AD7C2 /* Debug */ = {
			isa = XCBuildConfiguration;
			buildSettings = {
				ASSETCATALOG_COMPILER_APPICON_NAME = AppIcon;
				CODE_SIGN_STYLE = Automatic;
				DEVELOPMENT_TEAM = "";
				INFOPLIST_FILE = "iti0213-2019s-hw3/Info.plist";
				LD_RUNPATH_SEARCH_PATHS = (
					"$(inherited)",
					"@executable_path/Frameworks",
				);
				PRODUCT_BUNDLE_IDENTIFIER = "ee.taltech.mobiilirakendused.iti0213-2019s-hw3";
				PRODUCT_NAME = "$(TARGET_NAME)";
				SWIFT_VERSION = 5.0;
				TARGETED_DEVICE_FAMILY = "1,2";
			};
			name = Debug;
		};
		CB74BBD1244604FD008AD7C2 /* Release */ = {
			isa = XCBuildConfiguration;
			buildSettings = {
				ASSETCATALOG_COMPILER_APPICON_NAME = AppIcon;
				CODE_SIGN_STYLE = Automatic;
				DEVELOPMENT_TEAM = "";
				INFOPLIST_FILE = "iti0213-2019s-hw3/Info.plist";
				LD_RUNPATH_SEARCH_PATHS = (
					"$(inherited)",
					"@executable_path/Frameworks",
				);
				PRODUCT_BUNDLE_IDENTIFIER = "ee.taltech.mobiilirakendused.iti0213-2019s-hw3";
				PRODUCT_NAME = "$(TARGET_NAME)";
				SWIFT_VERSION = 5.0;
				TARGETED_DEVICE_FAMILY = "1,2";
			};
			name = Release;
		};
/* End XCBuildConfiguration section */

/* Begin XCConfigurationList section */
		CB74BBB6244604F3008AD7C2 /* Build configuration list for PBXProject "iti0213-2019s-hw3" */ = {
			isa = XCConfigurationList;
			buildConfigurations = (
				CB74BBCD244604FD008AD7C2 /* Debug */,
				CB74BBCE244604FD008AD7C2 /* Release */,
			);
			defaultConfigurationIsVisible = 0;
			defaultConfigurationName = Release;
		};
		CB74BBCF244604FD008AD7C2 /* Build configuration list for PBXNativeTarget "iti0213-2019s-hw3" */ = {
			isa = XCConfigurationList;
			buildConfigurations = (
				CB74BBD0244604FD008AD7C2 /* Debug */,
				CB74BBD1244604FD008AD7C2 /* Release */,
			);
			defaultConfigurationIsVisible = 0;
			defaultConfigurationName = Release;
		};
/* End XCConfigurationList section */
	};
	rootObject = CB74BBB3244604F3008AD7C2 /* Project object */;
}
